Microsoft Visual Studio Solution File, Format Version 12.00
# Visual Studio Version 17
VisualStudioVersion = 17.5.2.0
MinimumVisualStudioVersion = 10.0.40219.1
Project("{2150E333-8FDC-42A3-9474-1A3956D46DE8}") = "tests", "tests", "{0AB3BF05-4346-4AA6-1389-037BE0695223}"
EndProject
Project("{FAE04EC0-301F-11D3-BF4B-00C04F79EFBC}") = "AutomationExercise.Tests", "tests\AutomationExercise.Tests\AutomationExercise.Tests.csproj", "{08A21D5B-AC4F-17AD-E4A2-CDB0D109126B}"
EndProject
Global
	GlobalSection(SolutionConfigurationPlatforms) = preSolution
		Debug|Any CPU = Debug|Any CPU
		Release|Any CPU = Release|Any CPU
	EndGlobalSection
	GlobalSection(ProjectConfigurationPlatforms) = postSolution
		{08A21D5B-AC4F-17AD-E4A2-CDB0D109126B}.Debug|Any CPU.ActiveCfg = Debug|Any CPU
		{08A21D5B-AC4F-17AD-E4A2-CDB0D109126B}.Debug|Any CPU.Build.0 = Debug|Any CPU
		{08A21D5B-AC4F-17AD-E4A2-CDB0D109126B}.Release|Any CPU.ActiveCfg = Release|Any CPU
		{08A21D5B-AC4F-17AD-E4A2-CDB0D109126B}.Release|Any CPU.Build.0 = Release|Any CPU
	EndGlobalSection
	GlobalSection(SolutionProperties) = preSolution
		HideSolutionNode = FALSE
	EndGlobalSection
	GlobalSection(NestedProjects) = preSolution
		{08A21D5B-AC4F-17AD-E4A2-CDB0D109126B} = {0AB3BF05-4346-4AA6-1389-037BE0695223}
	EndGlobalSection
	GlobalSection(ExtensibilityGlobals) = postSolution
		SolutionGuid = {F1FB6AF8-4ADA-468D-9B70-3612506DCE80}
	EndGlobalSection
EndGlobal
